PODS:
  - Alamofire (4.7.0)
  - Realm (3.2.0):
    - Realm/Headers (= 3.2.0)
  - Realm/Headers (3.2.0)
  - RealmSwift (3.2.0):
    - Realm (= 3.2.0)

DEPENDENCIES:
  - Alamofire
  - RealmSwift

SPEC CHECKSUMS:
  Alamofire: 907e0a98eb68cdb7f9d1f541a563d6ac5dc77b25
  Realm: ae552b9b9eca3a12374a589fa842f220e286a80a
  RealmSwift: 05727129547dcab3fe828bd87bc30be903736b9c

PODFILE CHECKSUM: 5babd0e11987cf19d844dcfa90bd731a8ce01a3e

COCOAPODS: 1.4.0
