// !$*UTF8*$!
{
	archiveVersion = 1;
	classes = {
	};
	objectVersion = 48;
	objects = {

/* Begin PBXBuildFile section */
		0E88ADEBC0AD11B95AB45B4E /* Pods_booq_booqTests.framework in Frameworks */ = {isa = PBXBuildFile; fileRef = ED7B25CE99A0AE0A220A5E5C /* Pods_booq_booqTests.framework */; };
		160B200B20D7F6A000DD04AD /* EachQuestionViewController.swift in Sources */ = {isa = PBXBuildFile; fileRef = 160B200A20D7F6A000DD04AD /* EachQuestionViewController.swift */; };
		1638213920B6C8C200CDDB92 /* OthersViewController.swift in Sources */ = {isa = PBXBuildFile; fileRef = 1638213820B6C8C200CDDB92 /* OthersViewController.swift */; };
		1638213B20B6C8CD00CDDB92 /* CheckQuestionViewController.swift in Sources */ = {isa = PBXBuildFile; fileRef = 1638213A20B6C8CD00CDDB92 /* CheckQuestionViewController.swift */; };
		1638213D20B6CD6F00CDDB92 /* RandomQuestionViewController.swift in Sources */ = {isa = PBXBuildFile; fileRef = 1638213C20B6CD6F00CDDB92 /* RandomQuestionViewController.swift */; };
		16B855DB20BBD310000A699B /* resultQuestionViewController.swift in Sources */ = {isa = PBXBuildFile; fileRef = 16B855DA20BBD310000A699B /* resultQuestionViewController.swift */; };
		16B855DE20BD1CAE000A699B /* EachBookQustionViewController.swift in Sources */ = {isa = PBXBuildFile; fileRef = 16B855DD20BD1CAE000A699B /* EachBookQustionViewController.swift */; };
		16D9B75F20DC753E009C3421 /* InquiryFormViewController.swift in Sources */ = {isa = PBXBuildFile; fileRef = 16D9B75E20DC753E009C3421 /* InquiryFormViewController.swift */; };
		16D9B76120DFC6BB009C3421 /* TodayCheckViewController.swift in Sources */ = {isa = PBXBuildFile; fileRef = 16D9B76020DFC6BB009C3421 /* TodayCheckViewController.swift */; };
		1F60EEA96D73D9F6568A7F29 /* Pods_booqTests.framework in Frameworks */ = {isa = PBXBuildFile; fileRef = B887F231D0BD828BF8F019F0 /* Pods_booqTests.framework */; };
		5906C0E3205A74FC009EAB05 /* AppDelegate.swift in Sources */ = {isa = PBXBuildFile; fileRef = 5906C0E2205A74FC009EAB05 /* AppDelegate.swift */; };
		5906C0E5205A74FC009EAB05 /* FirstViewController.swift in Sources */ = {isa = PBXBuildFile; fileRef = 5906C0E4205A74FC009EAB05 /* FirstViewController.swift */; };
		5906C0E7205A74FC009EAB05 /* SecondViewController.swift in Sources */ = {isa = PBXBuildFile; fileRef = 5906C0E6205A74FC009EAB05 /* SecondViewController.swift */; };
		5906C0EA205A74FC009EAB05 /* Main.storyboard in Resources */ = {isa = PBXBuildFile; fileRef = 5906C0E8205A74FC009EAB05 /* Main.storyboard */; };
		5906C0EF205A74FC009EAB05 /* LaunchScreen.storyboard in Resources */ = {isa = PBXBuildFile; fileRef = 5906C0ED205A74FC009EAB05 /* LaunchScreen.storyboard */; };
		5906C0FA205A74FC009EAB05 /* booqTests.swift in Sources */ = {isa = PBXBuildFile; fileRef = 5906C0F9205A74FC009EAB05 /* booqTests.swift */; };
		5906C105205A74FC009EAB05 /* booqUITests.swift in Sources */ = {isa = PBXBuildFile; fileRef = 5906C104205A74FC009EAB05 /* booqUITests.swift */; };
		590E06BD2070766D007EB025 /* BarCodeViewController.swift in Sources */ = {isa = PBXBuildFile; fileRef = 590E06BC2070766D007EB025 /* BarCodeViewController.swift */; };
		5928A9492071B6DE001EF617 /* DeletePopUpViewController.swift in Sources */ = {isa = PBXBuildFile; fileRef = 5928A9482071B6DE001EF617 /* DeletePopUpViewController.swift */; };
		5928A94B2071BBF0001EF617 /* EditQuestionViewController.swift in Sources */ = {isa = PBXBuildFile; fileRef = 5928A94A2071BBF0001EF617 /* EditQuestionViewController.swift */; };
		592E354C205F5443004F567D /* BooksCollectionViewCell.swift in Sources */ = {isa = PBXBuildFile; fileRef = 592E354B205F5443004F567D /* BooksCollectionViewCell.swift */; };
		592E3550205F648E004F567D /* RegistrationViewController.swift in Sources */ = {isa = PBXBuildFile; fileRef = 592E354F205F648D004F567D /* RegistrationViewController.swift */; };
		593DA8C22066129000AFF879 /* QuestionTableViewCell.swift in Sources */ = {isa = PBXBuildFile; fileRef = 593DA8C12066129000AFF879 /* QuestionTableViewCell.swift */; };
		594D68F3207EEEF100504345 /* TabBarController.swift in Sources */ = {isa = PBXBuildFile; fileRef = 594D68F2207EEEF100504345 /* TabBarController.swift */; };
		594D68F6207EEF0A00504345 /* RgstPopUpViewController.swift in Sources */ = {isa = PBXBuildFile; fileRef = 594D68F5207EEF0900504345 /* RgstPopUpViewController.swift */; };
		594D68F8207EEF0E00504345 /* toUseCodable.swift in Sources */ = {isa = PBXBuildFile; fileRef = 594D68F7207EEF0E00504345 /* toUseCodable.swift */; };
		594D68FA207EEF2600504345 /* RealmModels.swift in Sources */ = {isa = PBXBuildFile; fileRef = 594D68F9207EEF2600504345 /* RealmModels.swift */; };
		595BA32B206623140024E71B /* BookQuestionTableViewCell.swift in Sources */ = {isa = PBXBuildFile; fileRef = 595BA32A206623140024E71B /* BookQuestionTableViewCell.swift */; };
		595BA32D2066239E0024E71B /* BookQestionViewController.swift in Sources */ = {isa = PBXBuildFile; fileRef = 595BA32C2066239E0024E71B /* BookQestionViewController.swift */; };
		595BA32F2068F65C0024E71B /* RoundedButton.swift in Sources */ = {isa = PBXBuildFile; fileRef = 595BA32E2068F65C0024E71B /* RoundedButton.swift */; };
		5960B1DF206F931C00129CCA /* flurry_user_sessions.swift in Sources */ = {isa = PBXBuildFile; fileRef = 5960B1DE206F931C00129CCA /* flurry_user_sessions.swift */; };
		599DEE7B208303F0008C3F16 /* OriginalFunc.swift in Sources */ = {isa = PBXBuildFile; fileRef = 599DEE7A208303F0008C3F16 /* OriginalFunc.swift */; };
		59C1766F20763B2200A9A82C /* LogViewController.swift in Sources */ = {isa = PBXBuildFile; fileRef = 59C1766E20763B2200A9A82C /* LogViewController.swift */; };
		59D484BF2079E171001510B5 /* Assets.xcassets in Resources */ = {isa = PBXBuildFile; fileRef = 59D484BE2079E171001510B5 /* Assets.xcassets */; };
		59D484C12079E7E3001510B5 /* SelfRgstBookViewController.swift in Sources */ = {isa = PBXBuildFile; fileRef = 59D484C02079E7E3001510B5 /* SelfRgstBookViewController.swift */; };
		59F45F3D2060FCC7003F4C0F /* SearchResultViewController.swift in Sources */ = {isa = PBXBuildFile; fileRef = 59F45F3C2060FCC7003F4C0F /* SearchResultViewController.swift */; };
		59F45F3F2060FE22003F4C0F /* ResultableViewCell.swift in Sources */ = {isa = PBXBuildFile; fileRef = 59F45F3E2060FE22003F4C0F /* ResultableViewCell.swift */; };
		59F45F41206222C6003F4C0F /* PopUpViewController.swift in Sources */ = {isa = PBXBuildFile; fileRef = 59F45F40206222C6003F4C0F /* PopUpViewController.swift */; };
		59F45F4320622AA5003F4C0F /* QuestionRgstViewController.swift in Sources */ = {isa = PBXBuildFile; fileRef = 59F45F4220622AA5003F4C0F /* QuestionRgstViewController.swift */; };
		59F992A220752C3D0054E272 /* PaddingLabel.swift in Sources */ = {isa = PBXBuildFile; fileRef = 59F992A120752C3D0054E272 /* PaddingLabel.swift */; };
		59F992A420753C2D0054E272 /* TopToButtomSegue.swift in Sources */ = {isa = PBXBuildFile; fileRef = 59F992A320753C2D0054E272 /* TopToButtomSegue.swift */; };
		5E48118E3C50E33009689B80 /* Pods_booqUITests.framework in Frameworks */ = {isa = PBXBuildFile; fileRef = 576F5D7CE050DB7C389DB135 /* Pods_booqUITests.framework */; };
		750EB8164211C9508F4C6775 /* Pods_booq.framework in Frameworks */ = {isa = PBXBuildFile; fileRef = B9211D73A479752DE371EE95 /* Pods_booq.framework */; };
		E28314F88DE5191376D995D0 /* Pods_booq_booqUITests.framework in Frameworks */ = {isa = PBXBuildFile; fileRef = 535AED1EEC7C33586064FAB1 /* Pods_booq_booqUITests.framework */; };
/* End PBXBuildFile section */

/* Begin PBXContainerItemProxy section */
		5906C0F6205A74FC009EAB05 /* PBXContainerItemProxy */ = {
			isa = PBXContainerItemProxy;
			containerPortal = 5906C0D7205A74FC009EAB05 /* Project object */;
			proxyType = 1;
			remoteGlobalIDString = 5906C0DE205A74FC009EAB05;
			remoteInfo = booq;
		};
		5906C101205A74FC009EAB05 /* PBXContainerItemProxy */ = {
			isa = PBXContainerItemProxy;
			containerPortal = 5906C0D7205A74FC009EAB05 /* Project object */;
			proxyType = 1;
			remoteGlobalIDString = 5906C0DE205A74FC009EAB05;
			remoteInfo = booq;
		};
/* End PBXContainerItemProxy section */

/* Begin PBXFileReference section */
		160B200A20D7F6A000DD04AD /* EachQuestionViewController.swift */ = {isa = PBXFileReference; lastKnownFileType = sourcecode.swift; path = EachQuestionViewController.swift; sourceTree = "<group>"; };
		1638213820B6C8C200CDDB92 /* OthersViewController.swift */ = {isa = PBXFileReference; lastKnownFileType = sourcecode.swift; path = OthersViewController.swift; sourceTree = "<group>"; };
		1638213A20B6C8CD00CDDB92 /* CheckQuestionViewController.swift */ = {isa = PBXFileReference; lastKnownFileType = sourcecode.swift; path = CheckQuestionViewController.swift; sourceTree = "<group>"; };
		1638213C20B6CD6F00CDDB92 /* RandomQuestionViewController.swift */ = {isa = PBXFileReference; lastKnownFileType = sourcecode.swift; path = RandomQuestionViewController.swift; sourceTree = "<group>"; };
		16B855DA20BBD310000A699B /* resultQuestionViewController.swift */ = {isa = PBXFileReference; lastKnownFileType = sourcecode.swift; path = resultQuestionViewController.swift; sourceTree = "<group>"; };
		16B855DD20BD1CAE000A699B /* EachBookQustionViewController.swift */ = {isa = PBXFileReference; lastKnownFileType = sourcecode.swift; path = EachBookQustionViewController.swift; sourceTree = "<group>"; };
		16D9B75E20DC753E009C3421 /* InquiryFormViewController.swift */ = {isa = PBXFileReference; lastKnownFileType = sourcecode.swift; path = InquiryFormViewController.swift; sourceTree = "<group>"; };
		16D9B76020DFC6BB009C3421 /* TodayCheckViewController.swift */ = {isa = PBXFileReference; lastKnownFileType = sourcecode.swift; path = TodayCheckViewController.swift; sourceTree = "<group>"; };
		1B099AB237E83C3BA64F8BD9 /* Pods-booqUITests.release.xcconfig */ = {isa = PBXFileReference; includeInIndex = 1; lastKnownFileType = text.xcconfig; name = "Pods-booqUITests.release.xcconfig"; path = "Pods/Target Support Files/Pods-booqUITests/Pods-booqUITests.release.xcconfig"; sourceTree = "<group>"; };
		3CE7209D4AC3ACDAE02A4854 /* Pods-booqTests.debug.xcconfig */ = {isa = PBXFileReference; includeInIndex = 1; lastKnownFileType = text.xcconfig; name = "Pods-booqTests.debug.xcconfig"; path = "Pods/Target Support Files/Pods-booqTests/Pods-booqTests.debug.xcconfig"; sourceTree = "<group>"; };
		484D1919442B6057DE95F7D6 /* Pods-booq-booqTests.debug.xcconfig */ = {isa = PBXFileReference; includeInIndex = 1; lastKnownFileType = text.xcconfig; name = "Pods-booq-booqTests.debug.xcconfig"; path = "Pods/Target Support Files/Pods-booq-booqTests/Pods-booq-booqTests.debug.xcconfig"; sourceTree = "<group>"; };
		535AED1EEC7C33586064FAB1 /* Pods_booq_booqUITests.framework */ = {isa = PBXFileReference; explicitFileType = wrapper.framework; includeInIndex = 0; path = Pods_booq_booqUITests.framework; sourceTree = BUILT_PRODUCTS_DIR; };
		55301A4AE66AA9751A02844C /* Pods-booq.debug.xcconfig */ = {isa = PBXFileReference; includeInIndex = 1; lastKnownFileType = text.xcconfig; name = "Pods-booq.debug.xcconfig"; path = "Pods/Target Support Files/Pods-booq/Pods-booq.debug.xcconfig"; sourceTree = "<group>"; };
		576F5D7CE050DB7C389DB135 /* Pods_booqUITests.framework */ = {isa = PBXFileReference; explicitFileType = wrapper.framework; includeInIndex = 0; path = Pods_booqUITests.framework; sourceTree = BUILT_PRODUCTS_DIR; };
		5906C0DF205A74FC009EAB05 /* booq.app */ = {isa = PBXFileReference; explicitFileType = wrapper.application; includeInIndex = 0; path = booq.app; sourceTree = BUILT_PRODUCTS_DIR; };
		5906C0E2205A74FC009EAB05 /* AppDelegate.swift */ = {isa = PBXFileReference; lastKnownFileType = sourcecode.swift; path = AppDelegate.swift; sourceTree = "<group>"; };
		5906C0E4205A74FC009EAB05 /* FirstViewController.swift */ = {isa = PBXFileReference; lastKnownFileType = sourcecode.swift; path = FirstViewController.swift; sourceTree = "<group>"; };
		5906C0E6205A74FC009EAB05 /* SecondViewController.swift */ = {isa = PBXFileReference; lastKnownFileType = sourcecode.swift; path = SecondViewController.swift; sourceTree = "<group>"; };
		5906C0E9205A74FC009EAB05 /* Base */ = {isa = PBXFileReference; lastKnownFileType = file.storyboard; name = Base; path = Base.lproj/Main.storyboard; sourceTree = "<group>"; };
		5906C0EE205A74FC009EAB05 /* Base */ = {isa = PBXFileReference; lastKnownFileType = file.storyboard; name = Base; path = Base.lproj/LaunchScreen.storyboard; sourceTree = "<group>"; };
		5906C0F0205A74FC009EAB05 /* Info.plist */ = {isa = PBXFileReference; lastKnownFileType = text.plist.xml; path = Info.plist; sourceTree = "<group>"; };
		5906C0F5205A74FC009EAB05 /* booqTests.xctest */ = {isa = PBXFileReference; explicitFileType = wrapper.cfbundle; includeInIndex = 0; path = booqTests.xctest; sourceTree = BUILT_PRODUCTS_DIR; };
		5906C0F9205A74FC009EAB05 /* booqTests.swift */ = {isa = PBXFileReference; lastKnownFileType = sourcecode.swift; path = booqTests.swift; sourceTree = "<group>"; };
		5906C0FB205A74FC009EAB05 /* Info.plist */ = {isa = PBXFileReference; lastKnownFileType = text.plist.xml; path = Info.plist; sourceTree = "<group>"; };
		5906C100205A74FC009EAB05 /* booqUITests.xctest */ = {isa = PBXFileReference; explicitFileType = wrapper.cfbundle; includeInIndex = 0; path = booqUITests.xctest; sourceTree = BUILT_PRODUCTS_DIR; };
		5906C104205A74FC009EAB05 /* booqUITests.swift */ = {isa = PBXFileReference; lastKnownFileType = sourcecode.swift; path = booqUITests.swift; sourceTree = "<group>"; };
		5906C106205A74FC009EAB05 /* Info.plist */ = {isa = PBXFileReference; lastKnownFileType = text.plist.xml; path = Info.plist; sourceTree = "<group>"; };
		590E06BC2070766D007EB025 /* BarCodeViewController.swift */ = {isa = PBXFileReference; lastKnownFileType = sourcecode.swift; path = BarCodeViewController.swift; sourceTree = "<group>"; };
		5928A9482071B6DE001EF617 /* DeletePopUpViewController.swift */ = {isa = PBXFileReference; lastKnownFileType = sourcecode.swift; path = DeletePopUpViewController.swift; sourceTree = "<group>"; };
		5928A94A2071BBF0001EF617 /* EditQuestionViewController.swift */ = {isa = PBXFileReference; lastKnownFileType = sourcecode.swift; path = EditQuestionViewController.swift; sourceTree = "<group>"; };
		592E354B205F5443004F567D /* BooksCollectionViewCell.swift */ = {isa = PBXFileReference; lastKnownFileType = sourcecode.swift; path = BooksCollectionViewCell.swift; sourceTree = "<group>"; };
		592E354F205F648D004F567D /* RegistrationViewController.swift */ = {isa = PBXFileReference; lastKnownFileType = sourcecode.swift; path = RegistrationViewController.swift; sourceTree = "<group>"; };
		593DA8C12066129000AFF879 /* QuestionTableViewCell.swift */ = {isa = PBXFileReference; lastKnownFileType = sourcecode.swift; path = QuestionTableViewCell.swift; sourceTree = "<group>"; };
		594D68F2207EEEF100504345 /* TabBarController.swift */ = {isa = PBXFileReference; lastKnownFileType = sourcecode.swift; name = TabBarController.swift; path = /Users/kajiwarataishin/jack_app/BooQ/booq/TabBarController.swift; sourceTree = "<absolute>"; };
		594D68F4207EEEFD00504345 /* ProjectName-Bridging-Header.h */ = {isa = PBXFileReference; lastKnownFileType = sourcecode.c.h; name = "ProjectName-Bridging-Header.h"; path = "/Users/kajiwarataishin/jack_app/BooQ/booq/ProjectName-Bridging-Header.h"; sourceTree = "<absolute>"; };
		594D68F5207EEF0900504345 /* RgstPopUpViewController.swift */ = {isa = PBXFileReference; lastKnownFileType = sourcecode.swift; name = RgstPopUpViewController.swift; path = /Users/kajiwarataishin/jack_app/BooQ/booq/RgstPopUpViewController.swift; sourceTree = "<absolute>"; };
		594D68F7207EEF0E00504345 /* toUseCodable.swift */ = {isa = PBXFileReference; lastKnownFileType = sourcecode.swift; name = toUseCodable.swift; path = /Users/kajiwarataishin/jack_app/BooQ/booq/toUseCodable.swift; sourceTree = "<absolute>"; };
		594D68F9207EEF2600504345 /* RealmModels.swift */ = {isa = PBXFileReference; lastKnownFileType = sourcecode.swift; name = RealmModels.swift; path = /Users/kajiwarataishin/jack_app/BooQ/booq/RealmModels.swift; sourceTree = "<absolute>"; };
		595BA32A206623140024E71B /* BookQuestionTableViewCell.swift */ = {isa = PBXFileReference; lastKnownFileType = sourcecode.swift; path = BookQuestionTableViewCell.swift; sourceTree = "<group>"; };
		595BA32C2066239E0024E71B /* BookQestionViewController.swift */ = {isa = PBXFileReference; lastKnownFileType = sourcecode.swift; path = BookQestionViewController.swift; sourceTree = "<group>"; };
		595BA32E2068F65C0024E71B /* RoundedButton.swift */ = {isa = PBXFileReference; lastKnownFileType = sourcecode.swift; path = RoundedButton.swift; sourceTree = "<group>"; };
		5960B1DE206F931C00129CCA /* flurry_user_sessions.swift */ = {isa = PBXFileReference; lastKnownFileType = sourcecode.swift; path = flurry_user_sessions.swift; sourceTree = "<group>"; };
		599DEE7A208303F0008C3F16 /* OriginalFunc.swift */ = {isa = PBXFileReference; lastKnownFileType = sourcecode.swift; path = OriginalFunc.swift; sourceTree = "<group>"; };
		59C1766E20763B2200A9A82C /* LogViewController.swift */ = {isa = PBXFileReference; lastKnownFileType = sourcecode.swift; path = LogViewController.swift; sourceTree = "<group>"; };
		59D484BE2079E171001510B5 /* Assets.xcassets */ = {isa = PBXFileReference; lastKnownFileType = folder.assetcatalog; path = Assets.xcassets; sourceTree = "<group>"; };
		59D484C02079E7E3001510B5 /* SelfRgstBookViewController.swift */ = {isa = PBXFileReference; lastKnownFileType = sourcecode.swift; path = SelfRgstBookViewController.swift; sourceTree = "<group>"; };
		59F45F3C2060FCC7003F4C0F /* SearchResultViewController.swift */ = {isa = PBXFileReference; lastKnownFileType = sourcecode.swift; path = SearchResultViewController.swift; sourceTree = "<group>"; };
		59F45F3E2060FE22003F4C0F /* ResultableViewCell.swift */ = {isa = PBXFileReference; lastKnownFileType = sourcecode.swift; path = ResultableViewCell.swift; sourceTree = "<group>"; };
		59F45F40206222C6003F4C0F /* PopUpViewController.swift */ = {isa = PBXFileReference; lastKnownFileType = sourcecode.swift; path = PopUpViewController.swift; sourceTree = "<group>"; };
		59F45F4220622AA5003F4C0F /* QuestionRgstViewController.swift */ = {isa = PBXFileReference; lastKnownFileType = sourcecode.swift; path = QuestionRgstViewController.swift; sourceTree = "<group>"; };
		59F992A120752C3D0054E272 /* PaddingLabel.swift */ = {isa = PBXFileReference; lastKnownFileType = sourcecode.swift; path = PaddingLabel.swift; sourceTree = "<group>"; };
		59F992A320753C2D0054E272 /* TopToButtomSegue.swift */ = {isa = PBXFileReference; lastKnownFileType = sourcecode.swift; path = TopToButtomSegue.swift; sourceTree = "<group>"; };
		5A04AC1CC95823DF2722D095 /* Pods-booqTests.release.xcconfig */ = {isa = PBXFileReference; includeInIndex = 1; lastKnownFileType = text.xcconfig; name = "Pods-booqTests.release.xcconfig"; path = "Pods/Target Support Files/Pods-booqTests/Pods-booqTests.release.xcconfig"; sourceTree = "<group>"; };
		63DE85F12333A950983E05DE /* Pods-booqUITests.debug.xcconfig */ = {isa = PBXFileReference; includeInIndex = 1; lastKnownFileType = text.xcconfig; name = "Pods-booqUITests.debug.xcconfig"; path = "Pods/Target Support Files/Pods-booqUITests/Pods-booqUITests.debug.xcconfig"; sourceTree = "<group>"; };
		805901CAFADAA5D36F774A5F /* Pods-booq-booqUITests.release.xcconfig */ = {isa = PBXFileReference; includeInIndex = 1; lastKnownFileType = text.xcconfig; name = "Pods-booq-booqUITests.release.xcconfig"; path = "Pods/Target Support Files/Pods-booq-booqUITests/Pods-booq-booqUITests.release.xcconfig"; sourceTree = "<group>"; };
		94E6A25B93A33FE6A3F63036 /* Pods-booq-booqTests.release.xcconfig */ = {isa = PBXFileReference; includeInIndex = 1; lastKnownFileType = text.xcconfig; name = "Pods-booq-booqTests.release.xcconfig"; path = "Pods/Target Support Files/Pods-booq-booqTests/Pods-booq-booqTests.release.xcconfig"; sourceTree = "<group>"; };
		B887F231D0BD828BF8F019F0 /* Pods_booqTests.framework */ = {isa = PBXFileReference; explicitFileType = wrapper.framework; includeInIndex = 0; path = Pods_booqTests.framework; sourceTree = BUILT_PRODUCTS_DIR; };
		B9211D73A479752DE371EE95 /* Pods_booq.framework */ = {isa = PBXFileReference; explicitFileType = wrapper.framework; includeInIndex = 0; path = Pods_booq.framework; sourceTree = BUILT_PRODUCTS_DIR; };
		C51521EBE9C731B538B81912 /* Pods-booq.release.xcconfig */ = {isa = PBXFileReference; includeInIndex = 1; lastKnownFileType = text.xcconfig; name = "Pods-booq.release.xcconfig"; path = "Pods/Target Support Files/Pods-booq/Pods-booq.release.xcconfig"; sourceTree = "<group>"; };
		C85A47A8F52060D1678ACEFB /* Pods-booq-booqUITests.debug.xcconfig */ = {isa = PBXFileReference; includeInIndex = 1; lastKnownFileType = text.xcconfig; name = "Pods-booq-booqUITests.debug.xcconfig"; path = "Pods/Target Support Files/Pods-booq-booqUITests/Pods-booq-booqUITests.debug.xcconfig"; sourceTree = "<group>"; };
		ED7B25CE99A0AE0A220A5E5C /* Pods_booq_booqTests.framework */ = {isa = PBXFileReference; explicitFileType = wrapper.framework; includeInIndex = 0; path = Pods_booq_booqTests.framework; sourceTree = BUILT_PRODUCTS_DIR; };
/* End PBXFileReference section */

/* Begin PBXFrameworksBuildPhase section */
		5906C0DC205A74FC009EAB05 /* Frameworks */ = {
			isa = PBXFrameworksBuildPhase;
			buildActionMask = 2147483647;
			files = (
				750EB8164211C9508F4C6775 /* Pods_booq.framework in Frameworks */,
			);
			runOnlyForDeploymentPostprocessing = 0;
		};
		5906C0F2205A74FC009EAB05 /* Frameworks */ = {
			isa = PBXFrameworksBuildPhase;
			buildActionMask = 2147483647;
			files = (
				1F60EEA96D73D9F6568A7F29 /* Pods_booqTests.framework in Frameworks */,
				0E88ADEBC0AD11B95AB45B4E /* Pods_booq_booqTests.framework in Frameworks */,
			);
			runOnlyForDeploymentPostprocessing = 0;
		};
		5906C0FD205A74FC009EAB05 /* Frameworks */ = {
			isa = PBXFrameworksBuildPhase;
			buildActionMask = 2147483647;
			files = (
				5E48118E3C50E33009689B80 /* Pods_booqUITests.framework in Frameworks */,
				E28314F88DE5191376D995D0 /* Pods_booq_booqUITests.framework in Frameworks */,
			);
			runOnlyForDeploymentPostprocessing = 0;
		};
/* End PBXFrameworksBuildPhase section */

/* Begin PBXGroup section */
		5906C0D6205A74FC009EAB05 = {
			isa = PBXGroup;
			children = (
				59F992A120752C3D0054E272 /* PaddingLabel.swift */,
				5906C0E1205A74FC009EAB05 /* booq */,
				5906C0F8205A74FC009EAB05 /* booqTests */,
				5906C103205A74FC009EAB05 /* booqUITests */,
				5906C0E0205A74FC009EAB05 /* Products */,
				FD83012A62193297BB34A3D5 /* Pods */,
				904E2CC193318B9C0249CB2F /* Frameworks */,
			);
			sourceTree = "<group>";
		};
		5906C0E0205A74FC009EAB05 /* Products */ = {
			isa = PBXGroup;
			children = (
				5906C0DF205A74FC009EAB05 /* booq.app */,
				5906C0F5205A74FC009EAB05 /* booqTests.xctest */,
				5906C100205A74FC009EAB05 /* booqUITests.xctest */,
			);
			name = Products;
			sourceTree = "<group>";
		};
		5906C0E1205A74FC009EAB05 /* booq */ = {
			isa = PBXGroup;
			children = (
				59D484C02079E7E3001510B5 /* SelfRgstBookViewController.swift */,
				599DEE7A208303F0008C3F16 /* OriginalFunc.swift */,
				594D68F4207EEEFD00504345 /* ProjectName-Bridging-Header.h */,
				594D68F2207EEEF100504345 /* TabBarController.swift */,
				594D68F9207EEF2600504345 /* RealmModels.swift */,
				5928A9482071B6DE001EF617 /* DeletePopUpViewController.swift */,
				593DA8C12066129000AFF879 /* QuestionTableViewCell.swift */,
				594D68F7207EEF0E00504345 /* toUseCodable.swift */,
				5928A94A2071BBF0001EF617 /* EditQuestionViewController.swift */,
				594D68F5207EEF0900504345 /* RgstPopUpViewController.swift */,
				59D484BE2079E171001510B5 /* Assets.xcassets */,
				5906C0E2205A74FC009EAB05 /* AppDelegate.swift */,
				5960B1DE206F931C00129CCA /* flurry_user_sessions.swift */,
				5906C0E4205A74FC009EAB05 /* FirstViewController.swift */,
				5906C0E6205A74FC009EAB05 /* SecondViewController.swift */,
				1638213A20B6C8CD00CDDB92 /* CheckQuestionViewController.swift */,
				16D9B76020DFC6BB009C3421 /* TodayCheckViewController.swift */,
				1638213C20B6CD6F00CDDB92 /* RandomQuestionViewController.swift */,
				16B855DA20BBD310000A699B /* resultQuestionViewController.swift */,
				16B855DD20BD1CAE000A699B /* EachBookQustionViewController.swift */,
				160B200A20D7F6A000DD04AD /* EachQuestionViewController.swift */,
				1638213820B6C8C200CDDB92 /* OthersViewController.swift */,
				16D9B75E20DC753E009C3421 /* InquiryFormViewController.swift */,
				5906C0E8205A74FC009EAB05 /* Main.storyboard */,
				590E06BC2070766D007EB025 /* BarCodeViewController.swift */,
				595BA32E2068F65C0024E71B /* RoundedButton.swift */,
				595BA32C2066239E0024E71B /* BookQestionViewController.swift */,
				59F45F3E2060FE22003F4C0F /* ResultableViewCell.swift */,
				595BA32A206623140024E71B /* BookQuestionTableViewCell.swift */,
				59F45F40206222C6003F4C0F /* PopUpViewController.swift */,
				59F45F4220622AA5003F4C0F /* QuestionRgstViewController.swift */,
				59C1766E20763B2200A9A82C /* LogViewController.swift */,
				59F992A320753C2D0054E272 /* TopToButtomSegue.swift */,
				59F45F3C2060FCC7003F4C0F /* SearchResultViewController.swift */,
				592E354B205F5443004F567D /* BooksCollectionViewCell.swift */,
				592E354F205F648D004F567D /* RegistrationViewController.swift */,
				5906C0ED205A74FC009EAB05 /* LaunchScreen.storyboard */,
				5906C0F0205A74FC009EAB05 /* Info.plist */,
			);
			path = booq;
			sourceTree = "<group>";
		};
		5906C0F8205A74FC009EAB05 /* booqTests */ = {
			isa = PBXGroup;
			children = (
				5906C0F9205A74FC009EAB05 /* booqTests.swift */,
				5906C0FB205A74FC009EAB05 /* Info.plist */,
			);
			path = booqTests;
			sourceTree = "<group>";
		};
		5906C103205A74FC009EAB05 /* booqUITests */ = {
			isa = PBXGroup;
			children = (
				5906C104205A74FC009EAB05 /* booqUITests.swift */,
				5906C106205A74FC009EAB05 /* Info.plist */,
			);
			path = booqUITests;
			sourceTree = "<group>";
		};
		904E2CC193318B9C0249CB2F /* Frameworks */ = {
			isa = PBXGroup;
			children = (
				B9211D73A479752DE371EE95 /* Pods_booq.framework */,
				B887F231D0BD828BF8F019F0 /* Pods_booqTests.framework */,
				576F5D7CE050DB7C389DB135 /* Pods_booqUITests.framework */,
				ED7B25CE99A0AE0A220A5E5C /* Pods_booq_booqTests.framework */,
				535AED1EEC7C33586064FAB1 /* Pods_booq_booqUITests.framework */,
			);
			name = Frameworks;
			sourceTree = "<group>";
		};
		FD83012A62193297BB34A3D5 /* Pods */ = {
			isa = PBXGroup;
			children = (
				55301A4AE66AA9751A02844C /* Pods-booq.debug.xcconfig */,
				C51521EBE9C731B538B81912 /* Pods-booq.release.xcconfig */,
				3CE7209D4AC3ACDAE02A4854 /* Pods-booqTests.debug.xcconfig */,
				5A04AC1CC95823DF2722D095 /* Pods-booqTests.release.xcconfig */,
				63DE85F12333A950983E05DE /* Pods-booqUITests.debug.xcconfig */,
				1B099AB237E83C3BA64F8BD9 /* Pods-booqUITests.release.xcconfig */,
				484D1919442B6057DE95F7D6 /* Pods-booq-booqTests.debug.xcconfig */,
				94E6A25B93A33FE6A3F63036 /* Pods-booq-booqTests.release.xcconfig */,
				C85A47A8F52060D1678ACEFB /* Pods-booq-booqUITests.debug.xcconfig */,
				805901CAFADAA5D36F774A5F /* Pods-booq-booqUITests.release.xcconfig */,
			);
			name = Pods;
			sourceTree = "<group>";
		};
/* End PBXGroup section */

/* Begin PBXNativeTarget section */
		5906C0DE205A74FC009EAB05 /* booq */ = {
			isa = PBXNativeTarget;
			buildConfigurationList = 5906C109205A74FC009EAB05 /* Build configuration list for PBXNativeTarget "booq" */;
			buildPhases = (
				6063488E16152CE530EE70CF /* [CP] Check Pods Manifest.lock */,
				5906C0DB205A74FC009EAB05 /* Sources */,
				5906C0DC205A74FC009EAB05 /* Frameworks */,
				5906C0DD205A74FC009EAB05 /* Resources */,
				0C4E7FBE544EA9F3853700A6 /* [CP] Embed Pods Frameworks */,
				F377E0E90374CD71574CA441 /* [CP] Copy Pods Resources */,
			);
			buildRules = (
			);
			dependencies = (
			);
			name = booq;
			productName = booq;
			productReference = 5906C0DF205A74FC009EAB05 /* booq.app */;
			productType = "com.apple.product-type.application";
		};
		5906C0F4205A74FC009EAB05 /* booqTests */ = {
			isa = PBXNativeTarget;
			buildConfigurationList = 5906C10C205A74FC009EAB05 /* Build configuration list for PBXNativeTarget "booqTests" */;
			buildPhases = (
				7C2C66E7F11EE68D48339FC6 /* [CP] Check Pods Manifest.lock */,
				5906C0F1205A74FC009EAB05 /* Sources */,
				5906C0F2205A74FC009EAB05 /* Frameworks */,
				5906C0F3205A74FC009EAB05 /* Resources */,
				D80B2935F3F112AE04B2678B /* [CP] Embed Pods Frameworks */,
				F77745278F8DD6ADE91EBA93 /* [CP] Copy Pods Resources */,
			);
			buildRules = (
			);
			dependencies = (
				5906C0F7205A74FC009EAB05 /* PBXTargetDependency */,
			);
			name = booqTests;
			productName = booqTests;
			productReference = 5906C0F5205A74FC009EAB05 /* booqTests.xctest */;
			productType = "com.apple.product-type.bundle.unit-test";
		};
		5906C0FF205A74FC009EAB05 /* booqUITests */ = {
			isa = PBXNativeTarget;
			buildConfigurationList = 5906C10F205A74FC009EAB05 /* Build configuration list for PBXNativeTarget "booqUITests" */;
			buildPhases = (
				3B58B54D76B05E469ACA0EBD /* [CP] Check Pods Manifest.lock */,
				5906C0FC205A74FC009EAB05 /* Sources */,
				5906C0FD205A74FC009EAB05 /* Frameworks */,
				5906C0FE205A74FC009EAB05 /* Resources */,
				0999F0F7C4FFB686B2C7D744 /* [CP] Embed Pods Frameworks */,
				E0E59C0C232480314383F000 /* [CP] Copy Pods Resources */,
			);
			buildRules = (
			);
			dependencies = (
				5906C102205A74FC009EAB05 /* PBXTargetDependency */,
			);
			name = booqUITests;
			productName = booqUITests;
			productReference = 5906C100205A74FC009EAB05 /* booqUITests.xctest */;
			productType = "com.apple.product-type.bundle.ui-testing";
		};
/* End PBXNativeTarget section */

/* Begin PBXProject section */
		5906C0D7205A74FC009EAB05 /* Project object */ = {
			isa = PBXProject;
			attributes = {
				LastSwiftUpdateCheck = 0920;
				LastUpgradeCheck = 0920;
				ORGANIZATIONNAME = nakatayuki;
				TargetAttributes = {
					5906C0DE205A74FC009EAB05 = {
						CreatedOnToolsVersion = 9.2;
						ProvisioningStyle = Manual;
					};
					5906C0F4205A74FC009EAB05 = {
						CreatedOnToolsVersion = 9.2;
						ProvisioningStyle = Automatic;
						TestTargetID = 5906C0DE205A74FC009EAB05;
					};
					5906C0FF205A74FC009EAB05 = {
						CreatedOnToolsVersion = 9.2;
						ProvisioningStyle = Automatic;
						TestTargetID = 5906C0DE205A74FC009EAB05;
					};
				};
			};
			buildConfigurationList = 5906C0DA205A74FC009EAB05 /* Build configuration list for PBXProject "booq" */;
			compatibilityVersion = "Xcode 8.0";
			developmentRegion = en;
			hasScannedForEncodings = 0;
			knownRegions = (
				en,
				Base,
			);
			mainGroup = 5906C0D6205A74FC009EAB05;
			productRefGroup = 5906C0E0205A74FC009EAB05 /* Products */;
			projectDirPath = "";
			projectRoot = "";
			targets = (
				5906C0DE205A74FC009EAB05 /* booq */,
				5906C0F4205A74FC009EAB05 /* booqTests */,
				5906C0FF205A74FC009EAB05 /* booqUITests */,
			);
		};
/* End PBXProject section */

/* Begin PBXResourcesBuildPhase section */
		5906C0DD205A74FC009EAB05 /* Resources */ = {
			isa = PBXResourcesBuildPhase;
			buildActionMask = 2147483647;
			files = (
				5906C0EF205A74FC009EAB05 /* LaunchScreen.storyboard in Resources */,
				59D484BF2079E171001510B5 /* Assets.xcassets in Resources */,
				5906C0EA205A74FC009EAB05 /* Main.storyboard in Resources */,
			);
			runOnlyForDeploymentPostprocessing = 0;
		};
		5906C0F3205A74FC009EAB05 /* Resources */ = {
			isa = PBXResourcesBuildPhase;
			buildActionMask = 2147483647;
			files = (
			);
			runOnlyForDeploymentPostprocessing = 0;
		};
		5906C0FE205A74FC009EAB05 /* Resources */ = {
			isa = PBXResourcesBuildPhase;
			buildActionMask = 2147483647;
			files = (
			);
			runOnlyForDeploymentPostprocessing = 0;
		};
/* End PBXResourcesBuildPhase section */

/* Begin PBXShellScriptBuildPhase section */
		0999F0F7C4FFB686B2C7D744 /* [CP] Embed Pods Frameworks */ = {
			isa = PBXShellScriptBuildPhase;
			buildActionMask = 2147483647;
			files = (
			);
			inputPaths = (
			);
			name = "[CP] Embed Pods Frameworks";
			outputPaths = (
			);
			runOnlyForDeploymentPostprocessing = 0;
			shellPath = /bin/sh;
			shellScript = "\"${SRCROOT}/Pods/Target Support Files/Pods-booqUITests/Pods-booqUITests-frameworks.sh\"\n";
			showEnvVarsInLog = 0;
		};
		0C4E7FBE544EA9F3853700A6 /* [CP] Embed Pods Frameworks */ = {
			isa = PBXShellScriptBuildPhase;
			buildActionMask = 2147483647;
			files = (
			);
			inputPaths = (
				"${SRCROOT}/Pods/Target Support Files/Pods-booq/Pods-booq-frameworks.sh",
				"${BUILT_PRODUCTS_DIR}/Alamofire/Alamofire.framework",
				"${BUILT_PRODUCTS_DIR}/Flurry-iOS-SDK/Flurry_iOS_SDK.framework",
				"${BUILT_PRODUCTS_DIR}/Realm/Realm.framework",
				"${BUILT_PRODUCTS_DIR}/RealmSwift/RealmSwift.framework",
				"${BUILT_PRODUCTS_DIR}/SDWebImage/SDWebImage.framework",
			);
			name = "[CP] Embed Pods Frameworks";
			outputPaths = (
				"${TARGET_BUILD_DIR}/${FRAMEWORKS_FOLDER_PATH}/Alamofire.framework",
				"${TARGET_BUILD_DIR}/${FRAMEWORKS_FOLDER_PATH}/Flurry_iOS_SDK.framework",
				"${TARGET_BUILD_DIR}/${FRAMEWORKS_FOLDER_PATH}/Realm.framework",
				"${TARGET_BUILD_DIR}/${FRAMEWORKS_FOLDER_PATH}/RealmSwift.framework",
				"${TARGET_BUILD_DIR}/${FRAMEWORKS_FOLDER_PATH}/SDWebImage.framework",
			);
			runOnlyForDeploymentPostprocessing = 0;
			shellPath = /bin/sh;
			shellScript = "\"${SRCROOT}/Pods/Target Support Files/Pods-booq/Pods-booq-frameworks.sh\"\n";
			showEnvVarsInLog = 0;
		};
		3B58B54D76B05E469ACA0EBD /* [CP] Check Pods Manifest.lock */ = {
			isa = PBXShellScriptBuildPhase;
			buildActionMask = 2147483647;
			files = (
			);
			inputPaths = (
				"${PODS_PODFILE_DIR_PATH}/Podfile.lock",
				"${PODS_ROOT}/Manifest.lock",
			);
			name = "[CP] Check Pods Manifest.lock";
			outputPaths = (
				"$(DERIVED_FILE_DIR)/Pods-booqUITests-checkManifestLockResult.txt",
			);
			runOnlyForDeploymentPostprocessing = 0;
			shellPath = /bin/sh;
			shellScript = "diff \"${PODS_PODFILE_DIR_PATH}/Podfile.lock\" \"${PODS_ROOT}/Manifest.lock\" > /dev/null\nif [ $? != 0 ] ; then\n    # print error to STDERR\n    echo \"error: The sandbox is not in sync with the Podfile.lock. Run 'pod install' or update your CocoaPods installation.\" >&2\n    exit 1\nfi\n# This output is used by Xcode 'outputs' to avoid re-running this script phase.\necho \"SUCCESS\" > \"${SCRIPT_OUTPUT_FILE_0}\"\n";
			showEnvVarsInLog = 0;
		};
		6063488E16152CE530EE70CF /* [CP] Check Pods Manifest.lock */ = {
			isa = PBXShellScriptBuildPhase;
			buildActionMask = 2147483647;
			files = (
			);
			inputPaths = (
				"${PODS_PODFILE_DIR_PATH}/Podfile.lock",
				"${PODS_ROOT}/Manifest.lock",
			);
			name = "[CP] Check Pods Manifest.lock";
			outputPaths = (
				"$(DERIVED_FILE_DIR)/Pods-booq-checkManifestLockResult.txt",
			);
			runOnlyForDeploymentPostprocessing = 0;
			shellPath = /bin/sh;
			shellScript = "diff \"${PODS_PODFILE_DIR_PATH}/Podfile.lock\" \"${PODS_ROOT}/Manifest.lock\" > /dev/null\nif [ $? != 0 ] ; then\n    # print error to STDERR\n    echo \"error: The sandbox is not in sync with the Podfile.lock. Run 'pod install' or update your CocoaPods installation.\" >&2\n    exit 1\nfi\n# This output is used by Xcode 'outputs' to avoid re-running this script phase.\necho \"SUCCESS\" > \"${SCRIPT_OUTPUT_FILE_0}\"\n";
			showEnvVarsInLog = 0;
		};
		7C2C66E7F11EE68D48339FC6 /* [CP] Check Pods Manifest.lock */ = {
			isa = PBXShellScriptBuildPhase;
			buildActionMask = 2147483647;
			files = (
			);
			inputPaths = (
				"${PODS_PODFILE_DIR_PATH}/Podfile.lock",
				"${PODS_ROOT}/Manifest.lock",
			);
			name = "[CP] Check Pods Manifest.lock";
			outputPaths = (
				"$(DERIVED_FILE_DIR)/Pods-booqTests-checkManifestLockResult.txt",
			);
			runOnlyForDeploymentPostprocessing = 0;
			shellPath = /bin/sh;
			shellScript = "diff \"${PODS_PODFILE_DIR_PATH}/Podfile.lock\" \"${PODS_ROOT}/Manifest.lock\" > /dev/null\nif [ $? != 0 ] ; then\n    # print error to STDERR\n    echo \"error: The sandbox is not in sync with the Podfile.lock. Run 'pod install' or update your CocoaPods installation.\" >&2\n    exit 1\nfi\n# This output is used by Xcode 'outputs' to avoid re-running this script phase.\necho \"SUCCESS\" > \"${SCRIPT_OUTPUT_FILE_0}\"\n";
			showEnvVarsInLog = 0;
		};
		D80B2935F3F112AE04B2678B /* [CP] Embed Pods Frameworks */ = {
			isa = PBXShellScriptBuildPhase;
			buildActionMask = 2147483647;
			files = (
			);
			inputPaths = (
			);
			name = "[CP] Embed Pods Frameworks";
			outputPaths = (
			);
			runOnlyForDeploymentPostprocessing = 0;
			shellPath = /bin/sh;
			shellScript = "\"${SRCROOT}/Pods/Target Support Files/Pods-booqTests/Pods-booqTests-frameworks.sh\"\n";
			showEnvVarsInLog = 0;
		};
		E0E59C0C232480314383F000 /* [CP] Copy Pods Resources */ = {
			isa = PBXShellScriptBuildPhase;
			buildActionMask = 2147483647;
			files = (
			);
			inputPaths = (
			);
			name = "[CP] Copy Pods Resources";
			outputPaths = (
			);
			runOnlyForDeploymentPostprocessing = 0;
			shellPath = /bin/sh;
			shellScript = "\"${SRCROOT}/Pods/Target Support Files/Pods-booqUITests/Pods-booqUITests-resources.sh\"\n";
			showEnvVarsInLog = 0;
		};
		F377E0E90374CD71574CA441 /* [CP] Copy Pods Resources */ = {
			isa = PBXShellScriptBuildPhase;
			buildActionMask = 2147483647;
			files = (
			);
			inputPaths = (
			);
			name = "[CP] Copy Pods Resources";
			outputPaths = (
			);
			runOnlyForDeploymentPostprocessing = 0;
			shellPath = /bin/sh;
			shellScript = "\"${SRCROOT}/Pods/Target Support Files/Pods-booq/Pods-booq-resources.sh\"\n";
			showEnvVarsInLog = 0;
		};
		F77745278F8DD6ADE91EBA93 /* [CP] Copy Pods Resources */ = {
			isa = PBXShellScriptBuildPhase;
			buildActionMask = 2147483647;
			files = (
			);
			inputPaths = (
			);
			name = "[CP] Copy Pods Resources";
			outputPaths = (
			);
			runOnlyForDeploymentPostprocessing = 0;
			shellPath = /bin/sh;
			shellScript = "\"${SRCROOT}/Pods/Target Support Files/Pods-booqTests/Pods-booqTests-resources.sh\"\n";
			showEnvVarsInLog = 0;
		};
/* End PBXShellScriptBuildPhase section */

/* Begin PBXSourcesBuildPhase section */
		5906C0DB205A74FC009EAB05 /* Sources */ = {
			isa = PBXSourcesBuildPhase;
			buildActionMask = 2147483647;
			files = (
				5928A94B2071BBF0001EF617 /* EditQuestionViewController.swift in Sources */,
				594D68F8207EEF0E00504345 /* toUseCodable.swift in Sources */,
				1638213920B6C8C200CDDB92 /* OthersViewController.swift in Sources */,
				1638213B20B6C8CD00CDDB92 /* CheckQuestionViewController.swift in Sources */,
				16B855DE20BD1CAE000A699B /* EachBookQustionViewController.swift in Sources */,
				594D68F3207EEEF100504345 /* TabBarController.swift in Sources */,
				160B200B20D7F6A000DD04AD /* EachQuestionViewController.swift in Sources */,
				592E3550205F648E004F567D /* RegistrationViewController.swift in Sources */,
				599DEE7B208303F0008C3F16 /* OriginalFunc.swift in Sources */,
				595BA32F2068F65C0024E71B /* RoundedButton.swift in Sources */,
				59C1766F20763B2200A9A82C /* LogViewController.swift in Sources */,
				16D9B76120DFC6BB009C3421 /* TodayCheckViewController.swift in Sources */,
				595BA32D2066239E0024E71B /* BookQestionViewController.swift in Sources */,
				59F45F3F2060FE22003F4C0F /* ResultableViewCell.swift in Sources */,
				594D68F6207EEF0A00504345 /* RgstPopUpViewController.swift in Sources */,
				5928A9492071B6DE001EF617 /* DeletePopUpViewController.swift in Sources */,
				5906C0E7205A74FC009EAB05 /* SecondViewController.swift in Sources */,
				16D9B75F20DC753E009C3421 /* InquiryFormViewController.swift in Sources */,
				59D484C12079E7E3001510B5 /* SelfRgstBookViewController.swift in Sources */,
				5960B1DF206F931C00129CCA /* flurry_user_sessions.swift in Sources */,
				59F992A220752C3D0054E272 /* PaddingLabel.swift in Sources */,
				594D68FA207EEF2600504345 /* RealmModels.swift in Sources */,
				595BA32B206623140024E71B /* BookQuestionTableViewCell.swift in Sources */,
				59F45F41206222C6003F4C0F /* PopUpViewController.swift in Sources */,
				5906C0E3205A74FC009EAB05 /* AppDelegate.swift in Sources */,
				59F45F4320622AA5003F4C0F /* QuestionRgstViewController.swift in Sources */,
				592E354C205F5443004F567D /* BooksCollectionViewCell.swift in Sources */,
				1638213D20B6CD6F00CDDB92 /* RandomQuestionViewController.swift in Sources */,
				593DA8C22066129000AFF879 /* QuestionTableViewCell.swift in Sources */,
				590E06BD2070766D007EB025 /* BarCodeViewController.swift in Sources */,
				59F45F3D2060FCC7003F4C0F /* SearchResultViewController.swift in Sources */,
				5906C0E5205A74FC009EAB05 /* FirstViewController.swift in Sources */,
				59F992A420753C2D0054E272 /* TopToButtomSegue.swift in Sources */,
				16B855DB20BBD310000A699B /* resultQuestionViewController.swift in Sources */,
			);
			runOnlyForDeploymentPostprocessing = 0;
		};
		5906C0F1205A74FC009EAB05 /* Sources */ = {
			isa = PBXSourcesBuildPhase;
			buildActionMask = 2147483647;
			files = (
				5906C0FA205A74FC009EAB05 /* booqTests.swift in Sources */,
			);
			runOnlyForDeploymentPostprocessing = 0;
		};
		5906C0FC205A74FC009EAB05 /* Sources */ = {
			isa = PBXSourcesBuildPhase;
			buildActionMask = 2147483647;
			files = (
				5906C105205A74FC009EAB05 /* booqUITests.swift in Sources */,
			);
			runOnlyForDeploymentPostprocessing = 0;
		};
/* End PBXSourcesBuildPhase section */

/* Begin PBXTargetDependency section */
		5906C0F7205A74FC009EAB05 /* PBXTargetDependency */ = {
			isa = PBXTargetDependency;
			target = 5906C0DE205A74FC009EAB05 /* booq */;
			targetProxy = 5906C0F6205A74FC009EAB05 /* PBXContainerItemProxy */;
		};
		5906C102205A74FC009EAB05 /* PBXTargetDependency */ = {
			isa = PBXTargetDependency;
			target = 5906C0DE205A74FC009EAB05 /* booq */;
			targetProxy = 5906C101205A74FC009EAB05 /* PBXContainerItemProxy */;
		};
/* End PBXTargetDependency section */

/* Begin PBXVariantGroup section */
		5906C0E8205A74FC009EAB05 /* Main.storyboard */ = {
			isa = PBXVariantGroup;
			children = (
				5906C0E9205A74FC009EAB05 /* Base */,
			);
			name = Main.storyboard;
			sourceTree = "<group>";
		};
		5906C0ED205A74FC009EAB05 /* LaunchScreen.storyboard */ = {
			isa = PBXVariantGroup;
			children = (
				5906C0EE205A74FC009EAB05 /* Base */,
			);
			name = LaunchScreen.storyboard;
			sourceTree = "<group>";
		};
/* End PBXVariantGroup section */

/* Begin XCBuildConfiguration section */
		5906C107205A74FC009EAB05 /* Debug */ = {
			isa = XCBuildConfiguration;
			buildSettings = {
				ALWAYS_SEARCH_USER_PATHS = NO;
				CLANG_ANALYZER_NONNULL = YES;
				CLANG_ANALYZER_NUMBER_OBJECT_CONVERSION = YES_AGGRESSIVE;
				CLANG_CXX_LANGUAGE_STANDARD = "gnu++14";
				CLANG_CXX_LIBRARY = "libc++";
				CLANG_ENABLE_MODULES = YES;
				CLANG_ENABLE_OBJC_ARC = YES;
				CLANG_WARN_BLOCK_CAPTURE_AUTORELEASING = YES;
				CLANG_WARN_BOOL_CONVERSION = YES;
				CLANG_WARN_COMMA = YES;
				CLANG_WARN_CONSTANT_CONVERSION = YES;
				CLANG_WARN_DIRECT_OBJC_ISA_USAGE = YES_ERROR;
				CLANG_WARN_DOCUMENTATION_COMMENTS = YES;
				CLANG_WARN_EMPTY_BODY = YES;
				CLANG_WARN_ENUM_CONVERSION = YES;
				CLANG_WARN_INFINITE_RECURSION = YES;
				CLANG_WARN_INT_CONVERSION = YES;
				CLANG_WARN_NON_LITERAL_NULL_CONVERSION = YES;
				CLANG_WARN_OBJC_LITERAL_CONVERSION = YES;
				CLANG_WARN_OBJC_ROOT_CLASS = YES_ERROR;
				CLANG_WARN_RANGE_LOOP_ANALYSIS = YES;
				CLANG_WARN_STRICT_PROTOTYPES = YES;
				CLANG_WARN_SUSPICIOUS_MOVE = YES;
				CLANG_WARN_UNGUARDED_AVAILABILITY = YES_AGGRESSIVE;
				CLANG_WARN_UNREACHABLE_CODE = YES;
				CLANG_WARN__DUPLICATE_METHOD_MATCH = YES;
				CODE_SIGN_IDENTITY = "iPhone Developer";
				COPY_PHASE_STRIP = NO;
				DEBUG_INFORMATION_FORMAT = dwarf;
				ENABLE_STRICT_OBJC_MSGSEND = YES;
				ENABLE_TESTABILITY = YES;
				GCC_C_LANGUAGE_STANDARD = gnu11;
				GCC_DYNAMIC_NO_PIC = NO;
				GCC_NO_COMMON_BLOCKS = YES;
				GCC_OPTIMIZATION_LEVEL = 0;
				GCC_PREPROCESSOR_DEFINITIONS = (
					"DEBUG=1",
					"$(inherited)",
				);
				GCC_WARN_64_TO_32_BIT_CONVERSION = YES;
				GCC_WARN_ABOUT_RETURN_TYPE = YES_ERROR;
				GCC_WARN_UNDECLARED_SELECTOR = YES;
				GCC_WARN_UNINITIALIZED_AUTOS = YES_AGGRESSIVE;
				GCC_WARN_UNUSED_FUNCTION = YES;
				GCC_WARN_UNUSED_VARIABLE = YES;
				IPHONEOS_DEPLOYMENT_TARGET = 11.2;
				MTL_ENABLE_DEBUG_INFO = YES;
				ONLY_ACTIVE_ARCH = YES;
				SDKROOT = iphoneos;
				SWIFT_ACTIVE_COMPILATION_CONDITIONS = DEBUG;
				SWIFT_OPTIMIZATION_LEVEL = "-Onone";
			};
			name = Debug;
		};
		5906C108205A74FC009EAB05 /* Release */ = {
			isa = XCBuildConfiguration;
			buildSettings = {
				ALWAYS_SEARCH_USER_PATHS = NO;
				CLANG_ANALYZER_NONNULL = YES;
				CLANG_ANALYZER_NUMBER_OBJECT_CONVERSION = YES_AGGRESSIVE;
				CLANG_CXX_LANGUAGE_STANDARD = "gnu++14";
				CLANG_CXX_LIBRARY = "libc++";
				CLANG_ENABLE_MODULES = YES;
				CLANG_ENABLE_OBJC_ARC = YES;
				CLANG_WARN_BLOCK_CAPTURE_AUTORELEASING = YES;
				CLANG_WARN_BOOL_CONVERSION = YES;
				CLANG_WARN_COMMA = YES;
				CLANG_WARN_CONSTANT_CONVERSION = YES;
				CLANG_WARN_DIRECT_OBJC_ISA_USAGE = YES_ERROR;
				CLANG_WARN_DOCUMENTATION_COMMENTS = YES;
				CLANG_WARN_EMPTY_BODY = YES;
				CLANG_WARN_ENUM_CONVERSION = YES;
				CLANG_WARN_INFINITE_RECURSION = YES;
				CLANG_WARN_INT_CONVERSION = YES;
				CLANG_WARN_NON_LITERAL_NULL_CONVERSION = YES;
				CLANG_WARN_OBJC_LITERAL_CONVERSION = YES;
				CLANG_WARN_OBJC_ROOT_CLASS = YES_ERROR;
				CLANG_WARN_RANGE_LOOP_ANALYSIS = YES;
				CLANG_WARN_STRICT_PROTOTYPES = YES;
				CLANG_WARN_SUSPICIOUS_MOVE = YES;
				CLANG_WARN_UNGUARDED_AVAILABILITY = YES_AGGRESSIVE;
				CLANG_WARN_UNREACHABLE_CODE = YES;
				CLANG_WARN__DUPLICATE_METHOD_MATCH = YES;
				CODE_SIGN_IDENTITY = "iPhone Developer";
				COPY_PHASE_STRIP = NO;
				DEBUG_INFORMATION_FORMAT = "dwarf-with-dsym";
				ENABLE_NS_ASSERTIONS = NO;
				ENABLE_STRICT_OBJC_MSGSEND = YES;
				GCC_C_LANGUAGE_STANDARD = gnu11;
				GCC_NO_COMMON_BLOCKS = YES;
				GCC_WARN_64_TO_32_BIT_CONVERSION = YES;
				GCC_WARN_ABOUT_RETURN_TYPE = YES_ERROR;
				GCC_WARN_UNDECLARED_SELECTOR = YES;
				GCC_WARN_UNINITIALIZED_AUTOS = YES_AGGRESSIVE;
				GCC_WARN_UNUSED_FUNCTION = YES;
				GCC_WARN_UNUSED_VARIABLE = YES;
				IPHONEOS_DEPLOYMENT_TARGET = 11.2;
				MTL_ENABLE_DEBUG_INFO = NO;
				SDKROOT = iphoneos;
				SWIFT_OPTIMIZATION_LEVEL = "-Owholemodule";
				VALIDATE_PRODUCT = YES;
			};
			name = Release;
		};
		5906C10A205A74FC009EAB05 /* Debug */ = {
			isa = XCBuildConfiguration;
			baseConfigurationReference = 55301A4AE66AA9751A02844C /* Pods-booq.debug.xcconfig */;
			buildSettings = {
				ASSETCATALOG_COMPILER_APPICON_NAME = AppIcon;
				CODE_SIGN_IDENTITY = "iPhone Distribution";
				CODE_SIGN_STYLE = Manual;
				DEVELOPMENT_TEAM = FUYNSQ2NQ6;
				INFOPLIST_FILE = booq/Info.plist;
				IPHONEOS_DEPLOYMENT_TARGET = 11.2;
				LD_RUNPATH_SEARCH_PATHS = "$(inherited) @executable_path/Frameworks";
				PRODUCT_BUNDLE_IDENTIFIER = tmy.jack.BooQ;
				PRODUCT_NAME = "$(TARGET_NAME)";
				PROVISIONING_PROFILE = "957762ce-1ed8-4c6d-9c93-39daff27cb91";
				PROVISIONING_PROFILE_SPECIFIER = BooQ;
				SWIFT_VERSION = 4.0;
				TARGETED_DEVICE_FAMILY = 1;
			};
			name = Debug;
		};
		5906C10B205A74FC009EAB05 /* Release */ = {
			isa = XCBuildConfiguration;
			baseConfigurationReference = C51521EBE9C731B538B81912 /* Pods-booq.release.xcconfig */;
			buildSettings = {
				ASSETCATALOG_COMPILER_APPICON_NAME = AppIcon;
				CODE_SIGN_IDENTITY = "iPhone Distribution";
				CODE_SIGN_STYLE = Manual;
				DEVELOPMENT_TEAM = FUYNSQ2NQ6;
				INFOPLIST_FILE = booq/Info.plist;
				IPHONEOS_DEPLOYMENT_TARGET = 11.2;
				LD_RUNPATH_SEARCH_PATHS = "$(inherited) @executable_path/Frameworks";
				PRODUCT_BUNDLE_IDENTIFIER = tmy.jack.BooQ;
				PRODUCT_NAME = "$(TARGET_NAME)";
				PROVISIONING_PROFILE = "957762ce-1ed8-4c6d-9c93-39daff27cb91";
				PROVISIONING_PROFILE_SPECIFIER = BooQ;
				SWIFT_VERSION = 4.0;
				TARGETED_DEVICE_FAMILY = 1;
			};
			name = Release;
		};
		5906C10D205A74FC009EAB05 /* Debug */ = {
			isa = XCBuildConfiguration;
			baseConfigurationReference = 3CE7209D4AC3ACDAE02A4854 /* Pods-booqTests.debug.xcconfig */;
			buildSettings = {
				ALWAYS_EMBED_SWIFT_STANDARD_LIBRARIES = YES;
				BUNDLE_LOADER = "$(TEST_HOST)";
				CODE_SIGN_STYLE = Automatic;
				DEVELOPMENT_TEAM = 3KKXY5S9W2;
				INFOPLIST_FILE = booqTests/Info.plist;
				LD_RUNPATH_SEARCH_PATHS = "$(inherited) @executable_path/Frameworks @loader_path/Frameworks";
				PRODUCT_BUNDLE_IDENTIFIER = eggplant.com.booqTests;
				PRODUCT_NAME = "$(TARGET_NAME)";
				SWIFT_VERSION = 4.0;
				TARGETED_DEVICE_FAMILY = "1,2";
				TEST_HOST = "$(BUILT_PRODUCTS_DIR)/booq.app/booq";
			};
			name = Debug;
		};
		5906C10E205A74FC009EAB05 /* Release */ = {
			isa = XCBuildConfiguration;
			baseConfigurationReference = 5A04AC1CC95823DF2722D095 /* Pods-booqTests.release.xcconfig */;
			buildSettings = {
				ALWAYS_EMBED_SWIFT_STANDARD_LIBRARIES = YES;
				BUNDLE_LOADER = "$(TEST_HOST)";
				CODE_SIGN_STYLE = Automatic;
				DEVELOPMENT_TEAM = 3KKXY5S9W2;
				INFOPLIST_FILE = booqTests/Info.plist;
				LD_RUNPATH_SEARCH_PATHS = "$(inherited) @executable_path/Frameworks @loader_path/Frameworks";
				PRODUCT_BUNDLE_IDENTIFIER = eggplant.com.booqTests;
				PRODUCT_NAME = "$(TARGET_NAME)";
				SWIFT_VERSION = 4.0;
				TARGETED_DEVICE_FAMILY = "1,2";
				TEST_HOST = "$(BUILT_PRODUCTS_DIR)/booq.app/booq";
			};
			name = Release;
		};
		5906C110205A74FC009EAB05 /* Debug */ = {
			isa = XCBuildConfiguration;
			baseConfigurationReference = 63DE85F12333A950983E05DE /* Pods-booqUITests.debug.xcconfig */;
			buildSettings = {
				ALWAYS_EMBED_SWIFT_STANDARD_LIBRARIES = YES;
				CODE_SIGN_STYLE = Automatic;
				DEVELOPMENT_TEAM = 3KKXY5S9W2;
				INFOPLIST_FILE = booqUITests/Info.plist;
				LD_RUNPATH_SEARCH_PATHS = "$(inherited) @executable_path/Frameworks @loader_path/Frameworks";
				PRODUCT_BUNDLE_IDENTIFIER = eggplant.com.booqUITests;
				PRODUCT_NAME = "$(TARGET_NAME)";
				SWIFT_VERSION = 4.0;
				TARGETED_DEVICE_FAMILY = "1,2";
				TEST_TARGET_NAME = booq;
			};
			name = Debug;
		};
		5906C111205A74FC009EAB05 /* Release */ = {
			isa = XCBuildConfiguration;
			baseConfigurationReference = 1B099AB237E83C3BA64F8BD9 /* Pods-booqUITests.release.xcconfig */;
			buildSettings = {
				ALWAYS_EMBED_SWIFT_STANDARD_LIBRARIES = YES;
				CODE_SIGN_STYLE = Automatic;
				DEVELOPMENT_TEAM = 3KKXY5S9W2;
				INFOPLIST_FILE = booqUITests/Info.plist;
				LD_RUNPATH_SEARCH_PATHS = "$(inherited) @executable_path/Frameworks @loader_path/Frameworks";
				PRODUCT_BUNDLE_IDENTIFIER = eggplant.com.booqUITests;
				PRODUCT_NAME = "$(TARGET_NAME)";
				SWIFT_VERSION = 4.0;
				TARGETED_DEVICE_FAMILY = "1,2";
				TEST_TARGET_NAME = booq;
			};
			name = Release;
		};
/* End XCBuildConfiguration section */

/* Begin XCConfigurationList section */
		5906C0DA205A74FC009EAB05 /* Build configuration list for PBXProject "booq" */ = {
			isa = XCConfigurationList;
			buildConfigurations = (
				5906C107205A74FC009EAB05 /* Debug */,
				5906C108205A74FC009EAB05 /* Release */,
			);
			defaultConfigurationIsVisible = 0;
			defaultConfigurationName = Release;
		};
		5906C109205A74FC009EAB05 /* Build configuration list for PBXNativeTarget "booq" */ = {
			isa = XCConfigurationList;
			buildConfigurations = (
				5906C10A205A74FC009EAB05 /* Debug */,
				5906C10B205A74FC009EAB05 /* Release */,
			);
			defaultConfigurationIsVisible = 0;
			defaultConfigurationName = Release;
		};
		5906C10C205A74FC009EAB05 /* Build configuration list for PBXNativeTarget "booqTests" */ = {
			isa = XCConfigurationList;
			buildConfigurations = (
				5906C10D205A74FC009EAB05 /* Debug */,
				5906C10E205A74FC009EAB05 /* Release */,
			);
			defaultConfigurationIsVisible = 0;
			defaultConfigurationName = Release;
		};
		5906C10F205A74FC009EAB05 /* Build configuration list for PBXNativeTarget "booqUITests" */ = {
			isa = XCConfigurationList;
			buildConfigurations = (
				5906C110205A74FC009EAB05 /* Debug */,
				5906C111205A74FC009EAB05 /* Release */,
			);
			defaultConfigurationIsVisible = 0;
			defaultConfigurationName = Release;
		};
/* End XCConfigurationList section */
	};
	rootObject = 5906C0D7205A74FC009EAB05 /* Project object */;
}
